// !$*UTF8*$!
{
	archiveVersion = 1;
	classes = {
	};
	objectVersion = 55;
	objects = {

/* Begin PBXBuildFile section */
		CE44F1012851CD7800E0B843 /* RestaurantApp.swift in Sources */ = {isa = PBXBuildFile; fileRef = CE44F1002851CD7800E0B843 /* RestaurantApp.swift */; };
		CE44F1032851CD7800E0B843 /* ContentView.swift in Sources */ = {isa = PBXBuildFile; fileRef = CE44F1022851CD7800E0B843 /* ContentView.swift */; };
		CE44F1052851CD7A00E0B843 /* Assets.xcassets in Resources */ = {isa = PBXBuildFile; fileRef = CE44F1042851CD7A00E0B843 /* Assets.xcassets */; };
		CE44F1082851CD7A00E0B843 /* Preview Assets.xcassets in Resources */ = {isa = PBXBuildFile; fileRef = CE44F1072851CD7A00E0B843 /* Preview Assets.xcassets */; };
		CE44F1102851CDB400E0B843 /* RestaurantList.swift in Sources */ = {isa = PBXBuildFile; fileRef = CE44F10F2851CDB400E0B843 /* RestaurantList.swift */; };
		CE44F1132851CDF400E0B843 /* RestaurantApi.swift in Sources */ = {isa = PBXBuildFile; fileRef = CE44F1122851CDF400E0B843 /* RestaurantApi.swift */; };
		CE44F1192851D01900E0B843 /* RestaurantInfo.swift in Sources */ = {isa = PBXBuildFile; fileRef = CE44F1182851D01900E0B843 /* RestaurantInfo.swift */; };
		CE44F11B2851D08400E0B843 /* Restaurants.swift in Sources */ = {isa = PBXBuildFile; fileRef = CE44F11A2851D08400E0B843 /* Restaurants.swift */; };
		CE44F11E2851D1B900E0B843 /* MainViewModel.swift in Sources */ = {isa = PBXBuildFile; fileRef = CE44F11D2851D1B900E0B843 /* MainViewModel.swift */; };
		CEBD54B72852665C00E1934E /* RestaurantRow.swift in Sources */ = {isa = PBXBuildFile; fileRef = CEBD54B62852665C00E1934E /* RestaurantRow.swift */; };
		CEBD54B92852702E00E1934E /* RestaurantDetail.swift in Sources */ = {isa = PBXBuildFile; fileRef = CEBD54B82852702E00E1934E /* RestaurantDetail.swift */; };
		CEBD54BB2852747E00E1934E /* RestaurantDetailViewModel.swift in Sources */ = {isa = PBXBuildFile; fileRef = CEBD54BA2852747E00E1934E /* RestaurantDetailViewModel.swift */; };
		CEBD54BD2852867500E1934E /* RestaurantFilter.swift in Sources */ = {isa = PBXBuildFile; fileRef = CEBD54BC2852867500E1934E /* RestaurantFilter.swift */; };
		CEBD54C02852883700E1934E /* Profile.swift in Sources */ = {isa = PBXBuildFile; fileRef = CEBD54BF2852883700E1934E /* Profile.swift */; };
		CEBD54C528528C5600E1934E /* User.xcdatamodeld in Sources */ = {isa = PBXBuildFile; fileRef = CEBD54C328528C5600E1934E /* User.xcdatamodeld */; };
		CEBD54C728528C8800E1934E /* DataController.swift in Sources */ = {isa = PBXBuildFile; fileRef = CEBD54C628528C8700E1934E /* DataController.swift */; };
		CEBD54CA28528F4100E1934E /* FavoriteButton.swift in Sources */ = {isa = PBXBuildFile; fileRef = CEBD54C928528F4100E1934E /* FavoriteButton.swift */; };
		CEBD54CC2852948E00E1934E /* FavoriteItem.swift in Sources */ = {isa = PBXBuildFile; fileRef = CEBD54CB2852948E00E1934E /* FavoriteItem.swift */; };
/* End PBXBuildFile section */

/* Begin PBXFileReference section */
		CE44F0FD2851CD7800E0B843 /* Restaurant.app */ = {isa = PBXFileReference; explicitFileType = wrapper.application; includeInIndex = 0; path = Restaurant.app; sourceTree = BUILT_PRODUCTS_DIR; };
		CE44F1002851CD7800E0B843 /* RestaurantApp.swift */ = {isa = PBXFileReference; lastKnownFileType = sourcecode.swift; path = RestaurantApp.swift; sourceTree = "<group>"; };
		CE44F1022851CD7800E0B843 /* ContentView.swift */ = {isa = PBXFileReference; lastKnownFileType = sourcecode.swift; path = ContentView.swift; sourceTree = "<group>"; };
		CE44F1042851CD7A00E0B843 /* Assets.xcassets */ = {isa = PBXFileReference; lastKnownFileType = folder.assetcatalog; path = Assets.xcassets; sourceTree = "<group>"; };
		CE44F1072851CD7A00E0B843 /* Preview Assets.xcassets */ = {isa = PBXFileReference; lastKnownFileType = folder.assetcatalog; path = "Preview Assets.xcassets"; sourceTree = "<group>"; };
		CE44F10F2851CDB400E0B843 /* RestaurantList.swift */ = {isa = PBXFileReference; lastKnownFileType = sourcecode.swift; path = RestaurantList.swift; sourceTree = "<group>"; };
		CE44F1122851CDF400E0B843 /* RestaurantApi.swift */ = {isa = PBXFileReference; lastKnownFileType = sourcecode.swift; path = RestaurantApi.swift; sourceTree = "<group>"; };
		CE44F1182851D01900E0B843 /* RestaurantInfo.swift */ = {isa = PBXFileReference; lastKnownFileType = sourcecode.swift; path = RestaurantInfo.swift; sourceTree = "<group>"; };
		CE44F11A2851D08400E0B843 /* Restaurants.swift */ = {isa = PBXFileReference; lastKnownFileType = sourcecode.swift; path = Restaurants.swift; sourceTree = "<group>"; };
		CE44F11D2851D1B900E0B843 /* MainViewModel.swift */ = {isa = PBXFileReference; lastKnownFileType = sourcecode.swift; path = MainViewModel.swift; sourceTree = "<group>"; };
		CEBD54B62852665C00E1934E /* RestaurantRow.swift */ = {isa = PBXFileReference; lastKnownFileType = sourcecode.swift; path = RestaurantRow.swift; sourceTree = "<group>"; };
		CEBD54B82852702E00E1934E /* RestaurantDetail.swift */ = {isa = PBXFileReference; lastKnownFileType = sourcecode.swift; path = RestaurantDetail.swift; sourceTree = "<group>"; };
		CEBD54BA2852747E00E1934E /* RestaurantDetailViewModel.swift */ = {isa = PBXFileReference; lastKnownFileType = sourcecode.swift; path = RestaurantDetailViewModel.swift; sourceTree = "<group>"; };
		CEBD54BC2852867500E1934E /* RestaurantFilter.swift */ = {isa = PBXFileReference; lastKnownFileType = sourcecode.swift; path = RestaurantFilter.swift; sourceTree = "<group>"; };
		CEBD54BF2852883700E1934E /* Profile.swift */ = {isa = PBXFileReference; lastKnownFileType = sourcecode.swift; path = Profile.swift; sourceTree = "<group>"; };
		CEBD54C428528C5600E1934E /* User.xcdatamodel */ = {isa = PBXFileReference; lastKnownFileType = wrapper.xcdatamodel; path = User.xcdatamodel; sourceTree = "<group>"; };
		CEBD54C628528C8700E1934E /* DataController.swift */ = {isa = PBXFileReference; lastKnownFileType = sourcecode.swift; path = DataController.swift; sourceTree = "<group>"; };
		CEBD54C928528F4100E1934E /* FavoriteButton.swift */ = {isa = PBXFileReference; lastKnownFileType = sourcecode.swift; path = FavoriteButton.swift; sourceTree = "<group>"; };
		CEBD54CB2852948E00E1934E /* FavoriteItem.swift */ = {isa = PBXFileReference; lastKnownFileType = sourcecode.swift; path = FavoriteItem.swift; sourceTree = "<group>"; };
/* End PBXFileReference section */

/* Begin PBXFrameworksBuildPhase section */
		CE44F0FA2851CD7800E0B843 /* Frameworks */ = {
			isa = PBXFrameworksBuildPhase;
			buildActionMask = 2147483647;
			files = (
			);
			runOnlyForDeploymentPostprocessing = 0;
		};
/* End PBXFrameworksBuildPhase section */

/* Begin PBXGroup section */
		CE44F0F42851CD7800E0B843 = {
			isa = PBXGroup;
			children = (
				CE44F0FF2851CD7800E0B843 /* Restaurant */,
				CE44F0FE2851CD7800E0B843 /* Products */,
			);
			sourceTree = "<group>";
		};
		CE44F0FE2851CD7800E0B843 /* Products */ = {
			isa = PBXGroup;
			children = (
				CE44F0FD2851CD7800E0B843 /* Restaurant.app */,
			);
			name = Products;
			sourceTree = "<group>";
		};
		CE44F0FF2851CD7800E0B843 /* Restaurant */ = {
			isa = PBXGroup;
			children = (
				CE44F1002851CD7800E0B843 /* RestaurantApp.swift */,
				CE44F10E2851CDA600E0B843 /* Views */,
				CE44F11C2851D19700E0B843 /* ViewModel */,
				CEBD54C128528BEC00E1934E /* Database */,
				CE44F1152851CEA600E0B843 /* Model */,
				CEBD54C828528F2200E1934E /* Util */,
				CE44F1042851CD7A00E0B843 /* Assets.xcassets */,
				CE44F1062851CD7A00E0B843 /* Preview Content */,
			);
			path = Restaurant;
			sourceTree = "<group>";
		};
		CE44F1062851CD7A00E0B843 /* Preview Content */ = {
			isa = PBXGroup;
			children = (
				CE44F1072851CD7A00E0B843 /* Preview Assets.xcassets */,
			);
			path = "Preview Content";
			sourceTree = "<group>";
		};
		CE44F10E2851CDA600E0B843 /* Views */ = {
			isa = PBXGroup;
			children = (
				CE44F1022851CD7800E0B843 /* ContentView.swift */,
				CE44F1112851CDD200E0B843 /* Restaurants */,
				CEBD54BE2852882D00E1934E /* Profile */,
			);
			path = Views;
			sourceTree = "<group>";
		};
		CE44F1112851CDD200E0B843 /* Restaurants */ = {
			isa = PBXGroup;
			children = (
				CE44F10F2851CDB400E0B843 /* RestaurantList.swift */,
				CEBD54B62852665C00E1934E /* RestaurantRow.swift */,
				CEBD54BC2852867500E1934E /* RestaurantFilter.swift */,
				CEBD54B82852702E00E1934E /* RestaurantDetail.swift */,
			);
			path = Restaurants;
			sourceTree = "<group>";
		};
		CE44F1142851CDF800E0B843 /* Remote */ = {
			isa = PBXGroup;
			children = (
				CE44F1122851CDF400E0B843 /* RestaurantApi.swift */,
			);
			path = Remote;
			sourceTree = "<group>";
		};
		CE44F1152851CEA600E0B843 /* Model */ = {
			isa = PBXGroup;
			children = (
				CE44F11A2851D08400E0B843 /* Restaurants.swift */,
				CE44F1182851D01900E0B843 /* RestaurantInfo.swift */,
			);
			path = Model;
			sourceTree = "<group>";
		};
		CE44F11C2851D19700E0B843 /* ViewModel */ = {
			isa = PBXGroup;
			children = (
				CE44F11D2851D1B900E0B843 /* MainViewModel.swift */,
				CEBD54BA2852747E00E1934E /* RestaurantDetailViewModel.swift */,
			);
			path = ViewModel;
			sourceTree = "<group>";
		};
		CEBD54BE2852882D00E1934E /* Profile */ = {
			isa = PBXGroup;
			children = (
				CEBD54BF2852883700E1934E /* Profile.swift */,
				CEBD54CB2852948E00E1934E /* FavoriteItem.swift */,
			);
			path = Profile;
			sourceTree = "<group>";
		};
		CEBD54C128528BEC00E1934E /* Database */ = {
			isa = PBXGroup;
			children = (
				CEBD54C228528BF800E1934E /* Local */,
				CE44F1142851CDF800E0B843 /* Remote */,
			);
			path = Database;
			sourceTree = "<group>";
		};
		CEBD54C228528BF800E1934E /* Local */ = {
			isa = PBXGroup;
			children = (
				CEBD54C328528C5600E1934E /* User.xcdatamodeld */,
				CEBD54C628528C8700E1934E /* DataController.swift */,
			);
			path = Local;
			sourceTree = "<group>";
		};
		CEBD54C828528F2200E1934E /* Util */ = {
			isa = PBXGroup;
			children = (
				CEBD54C928528F4100E1934E /* FavoriteButton.swift */,
			);
			path = Util;
			sourceTree = "<group>";
		};
/* End PBXGroup section */

/* Begin PBXNativeTarget section */
		CE44F0FC2851CD7800E0B843 /* Restaurant */ = {
			isa = PBXNativeTarget;
			buildConfigurationList = CE44F10B2851CD7A00E0B843 /* Build configuration list for PBXNativeTarget "Restaurant" */;
			buildPhases = (
				CE44F0F92851CD7800E0B843 /* Sources */,
				CE44F0FA2851CD7800E0B843 /* Frameworks */,
				CE44F0FB2851CD7800E0B843 /* Resources */,
			);
			buildRules = (
			);
			dependencies = (
			);
			name = Restaurant;
			productName = Restaurant;
			productReference = CE44F0FD2851CD7800E0B843 /* Restaurant.app */;
			productType = "com.apple.product-type.application";
		};
/* End PBXNativeTarget section */

/* Begin PBXProject section */
		CE44F0F52851CD7800E0B843 /* Project object */ = {
			isa = PBXProject;
			attributes = {
				BuildIndependentTargetsInParallel = 1;
				LastSwiftUpdateCheck = 1340;
				LastUpgradeCheck = 1340;
				TargetAttributes = {
					CE44F0FC2851CD7800E0B843 = {
						CreatedOnToolsVersion = 13.4.1;
					};
				};
			};
			buildConfigurationList = CE44F0F82851CD7800E0B843 /* Build configuration list for PBXProject "Restaurant" */;
			compatibilityVersion = "Xcode 13.0";
			developmentRegion = en;
			hasScannedForEncodings = 0;
			knownRegions = (
				en,
				Base,
			);
			mainGroup = CE44F0F42851CD7800E0B843;
			productRefGroup = CE44F0FE2851CD7800E0B843 /* Products */;
			projectDirPath = "";
			projectRoot = "";
			targets = (
				CE44F0FC2851CD7800E0B843 /* Restaurant */,
			);
		};
/* End PBXProject section */

/* Begin PBXResourcesBuildPhase section */
		CE44F0FB2851CD7800E0B843 /* Resources */ = {
			isa = PBXResourcesBuildPhase;
			buildActionMask = 2147483647;
			files = (
				CE44F1082851CD7A00E0B843 /* Preview Assets.xcassets in Resources */,
				CE44F1052851CD7A00E0B843 /* Assets.xcassets in Resources */,
			);
			runOnlyForDeploymentPostprocessing = 0;
		};
/* End PBXResourcesBuildPhase section */

/* Begin PBXSourcesBuildPhase section */
		CE44F0F92851CD7800E0B843 /* Sources */ = {
			isa = PBXSourcesBuildPhase;
			buildActionMask = 2147483647;
			files = (
				CE44F11B2851D08400E0B843 /* Restaurants.swift in Sources */,
				CEBD54C02852883700E1934E /* Profile.swift in Sources */,
				CEBD54C528528C5600E1934E /* User.xcdatamodeld in Sources */,
				CEBD54CA28528F4100E1934E /* FavoriteButton.swift in Sources */,
				CE44F1032851CD7800E0B843 /* ContentView.swift in Sources */,
				CEBD54BB2852747E00E1934E /* RestaurantDetailViewModel.swift in Sources */,
				CE44F11E2851D1B900E0B843 /* MainViewModel.swift in Sources */,
				CEBD54BD2852867500E1934E /* RestaurantFilter.swift in Sources */,
				CEBD54C728528C8800E1934E /* DataController.swift in Sources */,
				CE44F1192851D01900E0B843 /* RestaurantInfo.swift in Sources */,
				CE44F1132851CDF400E0B843 /* RestaurantApi.swift in Sources */,
				CE44F1102851CDB400E0B843 /* RestaurantList.swift in Sources */,
				CEBD54CC2852948E00E1934E /* FavoriteItem.swift in Sources */,
				CEBD54B92852702E00E1934E /* RestaurantDetail.swift in Sources */,
				CE44F1012851CD7800E0B843 /* RestaurantApp.swift in Sources */,
				CEBD54B72852665C00E1934E /* RestaurantRow.swift in Sources */,
			);
			runOnlyForDeploymentPostprocessing = 0;
		};
/* End PBXSourcesBuildPhase section */

/* Begin XCBuildConfiguration section */
		CE44F1092851CD7A00E0B843 /* Debug */ = {
			isa = XCBuildConfiguration;
			buildSettings = {
				ALWAYS_SEARCH_USER_PATHS = NO;
				CLANG_ANALYZER_NONNULL = YES;
				CLANG_ANALYZER_NUMBER_OBJECT_CONVERSION = YES_AGGRESSIVE;
				CLANG_CXX_LANGUAGE_STANDARD = "gnu++17";
				CLANG_ENABLE_MODULES = YES;
				CLANG_ENABLE_OBJC_ARC = YES;
				CLANG_ENABLE_OBJC_WEAK = YES;
				CLANG_WARN_BLOCK_CAPTURE_AUTORELEASING = YES;
				CLANG_WARN_BOOL_CONVERSION = YES;
				CLANG_WARN_COMMA = YES;
				CLANG_WARN_CONSTANT_CONVERSION = YES;
				CLANG_WARN_DEPRECATED_OBJC_IMPLEMENTATIONS = YES;
				CLANG_WARN_DIRECT_OBJC_ISA_USAGE = YES_ERROR;
				CLANG_WARN_DOCUMENTATION_COMMENTS = YES;
				CLANG_WARN_EMPTY_BODY = YES;
				CLANG_WARN_ENUM_CONVERSION = YES;
				CLANG_WARN_INFINITE_RECURSION = YES;
				CLANG_WARN_INT_CONVERSION = YES;
				CLANG_WARN_NON_LITERAL_NULL_CONVERSION = YES;
				CLANG_WARN_OBJC_IMPLICIT_RETAIN_SELF = YES;
				CLANG_WARN_OBJC_LITERAL_CONVERSION = YES;
				CLANG_WARN_OBJC_ROOT_CLASS = YES_ERROR;
				CLANG_WARN_QUOTED_INCLUDE_IN_FRAMEWORK_HEADER = YES;
				CLANG_WARN_RANGE_LOOP_ANALYSIS = YES;
				CLANG_WARN_STRICT_PROTOTYPES = YES;
				CLANG_WARN_SUSPICIOUS_MOVE = YES;
				CLANG_WARN_UNGUARDED_AVAILABILITY = YES_AGGRESSIVE;
				CLANG_WARN_UNREACHABLE_CODE = YES;
				CLANG_WARN__DUPLICATE_METHOD_MATCH = YES;
				COPY_PHASE_STRIP = NO;
				DEBUG_INFORMATION_FORMAT = dwarf;
				ENABLE_STRICT_OBJC_MSGSEND = YES;
				ENABLE_TESTABILITY = YES;
				GCC_C_LANGUAGE_STANDARD = gnu11;
				GCC_DYNAMIC_NO_PIC = NO;
				GCC_NO_COMMON_BLOCKS = YES;
				GCC_OPTIMIZATION_LEVEL = 0;
				GCC_PREPROCESSOR_DEFINITIONS = (
					"DEBUG=1",
					"$(inherited)",
				);
				GCC_WARN_64_TO_32_BIT_CONVERSION = YES;
				GCC_WARN_ABOUT_RETURN_TYPE = YES_ERROR;
				GCC_WARN_UNDECLARED_SELECTOR = YES;
				GCC_WARN_UNINITIALIZED_AUTOS = YES_AGGRESSIVE;
				GCC_WARN_UNUSED_FUNCTION = YES;
				GCC_WARN_UNUSED_VARIABLE = YES;
				IPHONEOS_DEPLOYMENT_TARGET = 15.5;
				MTL_ENABLE_DEBUG_INFO = INCLUDE_SOURCE;
				MTL_FAST_MATH = YES;
				ONLY_ACTIVE_ARCH = YES;
				SDKROOT = iphoneos;
				SWIFT_ACTIVE_COMPILATION_CONDITIONS = DEBUG;
				SWIFT_OPTIMIZATION_LEVEL = "-Onone";
			};
			name = Debug;
		};
		CE44F10A2851CD7A00E0B843 /* Release */ = {
			isa = XCBuildConfiguration;
			buildSettings = {
				ALWAYS_SEARCH_USER_PATHS = NO;
				CLANG_ANALYZER_NONNULL = YES;
				CLANG_ANALYZER_NUMBER_OBJECT_CONVERSION = YES_AGGRESSIVE;
				CLANG_CXX_LANGUAGE_STANDARD = "gnu++17";
				CLANG_ENABLE_MODULES = YES;
				CLANG_ENABLE_OBJC_ARC = YES;
				CLANG_ENABLE_OBJC_WEAK = YES;
				CLANG_WARN_BLOCK_CAPTURE_AUTORELEASING = YES;
				CLANG_WARN_BOOL_CONVERSION = YES;
				CLANG_WARN_COMMA = YES;
				CLANG_WARN_CONSTANT_CONVERSION = YES;
				CLANG_WARN_DEPRECATED_OBJC_IMPLEMENTATIONS = YES;
				CLANG_WARN_DIRECT_OBJC_ISA_USAGE = YES_ERROR;
				CLANG_WARN_DOCUMENTATION_COMMENTS = YES;
				CLANG_WARN_EMPTY_BODY = YES;
				CLANG_WARN_ENUM_CONVERSION = YES;
				CLANG_WARN_INFINITE_RECURSION = YES;
				CLANG_WARN_INT_CONVERSION = YES;
				CLANG_WARN_NON_LITERAL_NULL_CONVERSION = YES;
				CLANG_WARN_OBJC_IMPLICIT_RETAIN_SELF = YES;
				CLANG_WARN_OBJC_LITERAL_CONVERSION = YES;
				CLANG_WARN_OBJC_ROOT_CLASS = YES_ERROR;
				CLANG_WARN_QUOTED_INCLUDE_IN_FRAMEWORK_HEADER = YES;
				CLANG_WARN_RANGE_LOOP_ANALYSIS = YES;
				CLANG_WARN_STRICT_PROTOTYPES = YES;
				CLANG_WARN_SUSPICIOUS_MOVE = YES;
				CLANG_WARN_UNGUARDED_AVAILABILITY = YES_AGGRESSIVE;
				CLANG_WARN_UNREACHABLE_CODE = YES;
				CLANG_WARN__DUPLICATE_METHOD_MATCH = YES;
				COPY_PHASE_STRIP = NO;
				DEBUG_INFORMATION_FORMAT = "dwarf-with-dsym";
				ENABLE_NS_ASSERTIONS = NO;
				ENABLE_STRICT_OBJC_MSGSEND = YES;
				GCC_C_LANGUAGE_STANDARD = gnu11;
				GCC_NO_COMMON_BLOCKS = YES;
				GCC_WARN_64_TO_32_BIT_CONVERSION = YES;
				GCC_WARN_ABOUT_RETURN_TYPE = YES_ERROR;
				GCC_WARN_UNDECLARED_SELECTOR = YES;
				GCC_WARN_UNINITIALIZED_AUTOS = YES_AGGRESSIVE;
				GCC_WARN_UNUSED_FUNCTION = YES;
				GCC_WARN_UNUSED_VARIABLE = YES;
				IPHONEOS_DEPLOYMENT_TARGET = 15.5;
				MTL_ENABLE_DEBUG_INFO = NO;
				MTL_FAST_MATH = YES;
				SDKROOT = iphoneos;
				SWIFT_COMPILATION_MODE = wholemodule;
				SWIFT_OPTIMIZATION_LEVEL = "-O";
				VALIDATE_PRODUCT = YES;
			};
			name = Release;
		};
		CE44F10C2851CD7A00E0B843 /* Debug */ = {
			isa = XCBuildConfiguration;
			buildSettings = {
				ASSETCATALOG_COMPILER_APPICON_NAME = AppIcon;
				ASSETCATALOG_COMPILER_GLOBAL_ACCENT_COLOR_NAME = AccentColor;
				CODE_SIGN_STYLE = Automatic;
				CURRENT_PROJECT_VERSION = 1;
				DEVELOPMENT_ASSET_PATHS = "\"Restaurant/Preview Content\"";
				ENABLE_PREVIEWS = YES;
				GENERATE_INFOPLIST_FILE = YES;
				INFOPLIST_KEY_UIApplicationSceneManifest_Generation = YES;
				INFOPLIST_KEY_UIApplicationSupportsIndirectInputEvents = YES;
				INFOPLIST_KEY_UILaunchScreen_Generation = YES;
				INFOPLIST_KEY_UISupportedInterfaceOrientations_iPad = "UIInterfaceOrientationPortrait UIInterfaceOrientationPortraitUpsideDown UIInterfaceOrientationLandscapeLeft UIInterfaceOrientationLandscapeRight";
				INFOPLIST_KEY_UISupportedInterfaceOrientations_iPhone = "UIInterfaceOrientationPortrait UIInterfaceOrientationLandscapeLeft UIInterfaceOrientationLandscapeRight";
				LD_RUNPATH_SEARCH_PATHS = (
					"$(inherited)",
					"@executable_path/Frameworks",
				);
				MARKETING_VERSION = 1.0;
				PRODUCT_BUNDLE_IDENTIFIER = sneaky.Restaurant;
				PRODUCT_NAME = "$(TARGET_NAME)";
				SWIFT_EMIT_LOC_STRINGS = YES;
				SWIFT_VERSION = 5.0;
				TARGETED_DEVICE_FAMILY = "1,2";
			};
			name = Debug;
		};
		CE44F10D2851CD7A00E0B843 /* Release */ = {
			isa = XCBuildConfiguration;
			buildSettings = {
				ASSETCATALOG_COMPILER_APPICON_NAME = AppIcon;
				ASSETCATALOG_COMPILER_GLOBAL_ACCENT_COLOR_NAME = AccentColor;
				CODE_SIGN_STYLE = Automatic;
				CURRENT_PROJECT_VERSION = 1;
				DEVELOPMENT_ASSET_PATHS = "\"Restaurant/Preview Content\"";
				ENABLE_PREVIEWS = YES;
				GENERATE_INFOPLIST_FILE = YES;
				INFOPLIST_KEY_UIApplicationSceneManifest_Generation = YES;
				INFOPLIST_KEY_UIApplicationSupportsIndirectInputEvents = YES;
				INFOPLIST_KEY_UILaunchScreen_Generation = YES;
				INFOPLIST_KEY_UISupportedInterfaceOrientations_iPad = "UIInterfaceOrientationPortrait UIInterfaceOrientationPortraitUpsideDown UIInterfaceOrientationLandscapeLeft UIInterfaceOrientationLandscapeRight";
				INFOPLIST_KEY_UISupportedInterfaceOrientations_iPhone = "UIInterfaceOrientationPortrait UIInterfaceOrientationLandscapeLeft UIInterfaceOrientationLandscapeRight";
				LD_RUNPATH_SEARCH_PATHS = (
					"$(inherited)",
					"@executable_path/Frameworks",
				);
				MARKETING_VERSION = 1.0;
				PRODUCT_BUNDLE_IDENTIFIER = sneaky.Restaurant;
				PRODUCT_NAME = "$(TARGET_NAME)";
				SWIFT_EMIT_LOC_STRINGS = YES;
				SWIFT_VERSION = 5.0;
				TARGETED_DEVICE_FAMILY = "1,2";
			};
			name = Release;
		};
/* End XCBuildConfiguration section */

/* Begin XCConfigurationList section */
		CE44F0F82851CD7800E0B843 /* Build configuration list for PBXProject "Restaurant" */ = {
			isa = XCConfigurationList;
			buildConfigurations = (
				CE44F1092851CD7A00E0B843 /* Debug */,
				CE44F10A2851CD7A00E0B843 /* Release */,
			);
			defaultConfigurationIsVisible = 0;
			defaultConfigurationName = Release;
		};
		CE44F10B2851CD7A00E0B843 /* Build configuration list for PBXNativeTarget "Restaurant" */ = {
			isa = XCConfigurationList;
			buildConfigurations = (
				CE44F10C2851CD7A00E0B843 /* Debug */,
				CE44F10D2851CD7A00E0B843 /* Release */,
			);
			defaultConfigurationIsVisible = 0;
			defaultConfigurationName = Release;
		};
/* End XCConfigurationList section */

/* Begin XCVersionGroup section */
		CEBD54C328528C5600E1934E /* User.xcdatamodeld */ = {
			isa = XCVersionGroup;
			children = (
				CEBD54C428528C5600E1934E /* User.xcdatamodel */,
			);
			currentVersion = CEBD54C428528C5600E1934E /* User.xcdatamodel */;
			path = User.xcdatamodeld;
			sourceTree = "<group>";
			versionGroupType = wrapper.xcdatamodel;
		};
/* End XCVersionGroup section */
	};
	rootObject = CE44F0F52851CD7800E0B843 /* Project object */;
}
